
Microsoft Visual Studio Solution File, Format Version 12.00
# Visual Studio Version 17
VisualStudioVersion = 17.0.31903.59
MinimumVisualStudioVersion = 10.0.40219.1
Project("{FAE04EC0-301F-11D3-BF4B-00C04F79EFBC}") = "MainApp", "MainApp\MainApp.csproj", "{AB4EA8AA-17AB-4FBD-A390-38E3A792E06E}"
EndProject
Project("{FAE04EC0-301F-11D3-BF4B-00C04F79EFBC}") = "Domain", "Domain\Domain.csproj", "{1988FB8F-1A84-408F-8772-621461BB7BB0}"
EndProject
Project("{FAE04EC0-301F-11D3-BF4B-00C04F79EFBC}") = "Infrastructure", "Infrastructure\Infrastructure.csproj", "{061EADF2-BFF0-4732-A087-CD22EAF44DC1}"
EndProject
Global
	GlobalSection(SolutionConfigurationPlatforms) = preSolution
		Debug|Any CPU = Debug|Any CPU
		Release|Any CPU = Release|Any CPU
	EndGlobalSection
	GlobalSection(SolutionProperties) = preSolution
		HideSolutionNode = FALSE
	EndGlobalSection
	GlobalSection(ProjectConfigurationPlatforms) = postSolution
		{AB4EA8AA-17AB-4FBD-A390-38E3A792E06E}.Debug|Any CPU.ActiveCfg = Debug|Any CPU
		{AB4EA8AA-17AB-4FBD-A390-38E3A792E06E}.Debug|Any CPU.Build.0 = Debug|Any CPU
		{AB4EA8AA-17AB-4FBD-A390-38E3A792E06E}.Release|Any CPU.ActiveCfg = Release|Any CPU
		{AB4EA8AA-17AB-4FBD-A390-38E3A792E06E}.Release|Any CPU.Build.0 = Release|Any CPU
		{1988FB8F-1A84-408F-8772-621461BB7BB0}.Debug|Any CPU.ActiveCfg = Debug|Any CPU
		{1988FB8F-1A84-408F-8772-621461BB7BB0}.Debug|Any CPU.Build.0 = Debug|Any CPU
		{1988FB8F-1A84-408F-8772-621461BB7BB0}.Release|Any CPU.ActiveCfg = Release|Any CPU
		{1988FB8F-1A84-408F-8772-621461BB7BB0}.Release|Any CPU.Build.0 = Release|Any CPU
		{061EADF2-BFF0-4732-A087-CD22EAF44DC1}.Debug|Any CPU.ActiveCfg = Debug|Any CPU
		{061EADF2-BFF0-4732-A087-CD22EAF44DC1}.Debug|Any CPU.Build.0 = Debug|Any CPU
		{061EADF2-BFF0-4732-A087-CD22EAF44DC1}.Release|Any CPU.ActiveCfg = Release|Any CPU
		{061EADF2-BFF0-4732-A087-CD22EAF44DC1}.Release|Any CPU.Build.0 = Release|Any CPU
	EndGlobalSection
EndGlobal
