
Microsoft Visual Studio Solution File, Format Version 12.00
# Visual Studio Version 17
VisualStudioVersion = 17.0.31903.59
MinimumVisualStudioVersion = 10.0.40219.1
Project("{FAE04EC0-301F-11D3-BF4B-00C04F79EFBC}") = "Console", "Console\Console.csproj", "{D9EFEFD5-A35B-4FAC-B17E-1493A4CA77D4}"
EndProject
Project("{FAE04EC0-301F-11D3-BF4B-00C04F79EFBC}") = "infrastructure", "infrastructure\infrastructure.csproj", "{7B75CC20-095D-4451-8BDE-1C78F9A9E543}"
EndProject
Global
	GlobalSection(SolutionConfigurationPlatforms) = preSolution
		Debug|Any CPU = Debug|Any CPU
		Release|Any CPU = Release|Any CPU
	EndGlobalSection
	GlobalSection(SolutionProperties) = preSolution
		HideSolutionNode = FALSE
	EndGlobalSection
	GlobalSection(ProjectConfigurationPlatforms) = postSolution
		{D9EFEFD5-A35B-4FAC-B17E-1493A4CA77D4}.Debug|Any CPU.ActiveCfg = Debug|Any CPU
		{D9EFEFD5-A35B-4FAC-B17E-1493A4CA77D4}.Debug|Any CPU.Build.0 = Debug|Any CPU
		{D9EFEFD5-A35B-4FAC-B17E-1493A4CA77D4}.Release|Any CPU.ActiveCfg = Release|Any CPU
		{D9EFEFD5-A35B-4FAC-B17E-1493A4CA77D4}.Release|Any CPU.Build.0 = Release|Any CPU
		{7B75CC20-095D-4451-8BDE-1C78F9A9E543}.Debug|Any CPU.ActiveCfg = Debug|Any CPU
		{7B75CC20-095D-4451-8BDE-1C78F9A9E543}.Debug|Any CPU.Build.0 = Debug|Any CPU
		{7B75CC20-095D-4451-8BDE-1C78F9A9E543}.Release|Any CPU.ActiveCfg = Release|Any CPU
		{7B75CC20-095D-4451-8BDE-1C78F9A9E543}.Release|Any CPU.Build.0 = Release|Any CPU
	EndGlobalSection
EndGlobal
